// !$*UTF8*$!
{
	archiveVersion = 1;
	classes = {
	};
	objectVersion = 50;
	objects = {

/* Begin PBXBuildFile section */
		11701FE32124501400686AB8 /* AppDelegate.swift in Sources */ = {isa = PBXBuildFile; fileRef = 11701FE22124501400686AB8 /* AppDelegate.swift */; };
		11701FE82124501400686AB8 /* Main.storyboard in Resources */ = {isa = PBXBuildFile; fileRef = 11701FE62124501400686AB8 /* Main.storyboard */; };
		11701FEB2124501400686AB8 /* PeriodicTable.xcdatamodeld in Sources */ = {isa = PBXBuildFile; fileRef = 11701FE92124501400686AB8 /* PeriodicTable.xcdatamodeld */; };
		11701FED2124502600686AB8 /* Assets.xcassets in Resources */ = {isa = PBXBuildFile; fileRef = 11701FEC2124502600686AB8 /* Assets.xcassets */; };
		11701FF02124502600686AB8 /* LaunchScreen.storyboard in Resources */ = {isa = PBXBuildFile; fileRef = 11701FEE2124502600686AB8 /* LaunchScreen.storyboard */; };
		11701FF82124618200686AB8 /* Elemente_TableViewController.swift in Sources */ = {isa = PBXBuildFile; fileRef = 11701FF72124618200686AB8 /* Elemente_TableViewController.swift */; };
		11701FFA2124640E00686AB8 /* TableViewCell.swift in Sources */ = {isa = PBXBuildFile; fileRef = 11701FF92124640E00686AB8 /* TableViewCell.swift */; };
		1188ADB521F7905300F77230 /* Info_VC_Code.swift in Sources */ = {isa = PBXBuildFile; fileRef = 1188ADB421F7905300F77230 /* Info_VC_Code.swift */; };
		118E6DD021298060005923E9 /* Element.swift in Sources */ = {isa = PBXBuildFile; fileRef = 118E6DCF21298060005923E9 /* Element.swift */; };
		118E6DD221299682005923E9 /* Element_Information_ViewController.swift in Sources */ = {isa = PBXBuildFile; fileRef = 118E6DD121299682005923E9 /* Element_Information_ViewController.swift */; };
		1195BDB221E108080003E004 /* elements_add.swift in Sources */ = {isa = PBXBuildFile; fileRef = 1195BDB121E108080003E004 /* elements_add.swift */; };
		1195BDB421E108C70003E004 /* InfoVC_Layout.swift in Sources */ = {isa = PBXBuildFile; fileRef = 1195BDB321E108C70003E004 /* InfoVC_Layout.swift */; };
		1195BDB621E109380003E004 /* Urheberrecht_ViewController.swift in Sources */ = {isa = PBXBuildFile; fileRef = 1195BDB521E109380003E004 /* Urheberrecht_ViewController.swift */; };
		1195BDB821E109830003E004 /* Period_ViewController.swift in Sources */ = {isa = PBXBuildFile; fileRef = 1195BDB721E109830003E004 /* Period_ViewController.swift */; };
		1195BDBA21E109A30003E004 /* Period_Algo_VC.swift in Sources */ = {isa = PBXBuildFile; fileRef = 1195BDB921E109A30003E004 /* Period_Algo_VC.swift */; };
		1195BDBC21E109E40003E004 /* PeriodVC_Layout.swift in Sources */ = {isa = PBXBuildFile; fileRef = 1195BDBB21E109E30003E004 /* PeriodVC_Layout.swift */; };
		1195BDBE21E10A170003E004 /* Sortet_Popup_ViewController.swift in Sources */ = {isa = PBXBuildFile; fileRef = 1195BDBD21E10A170003E004 /* Sortet_Popup_ViewController.swift */; };
		1195BDC021E10A470003E004 /* Text_Einstellungen_ViewController.swift in Sources */ = {isa = PBXBuildFile; fileRef = 1195BDBF21E10A470003E004 /* Text_Einstellungen_ViewController.swift */; };
		11CC6FDA21FA51CB0004829B /* TEST.swift in Sources */ = {isa = PBXBuildFile; fileRef = 11CC6FD921FA51CB0004829B /* TEST.swift */; };
/* End PBXBuildFile section */

/* Begin PBXFileReference section */
		11701FDF2124501400686AB8 /* PeriodicTable.app */ = {isa = PBXFileReference; explicitFileType = wrapper.application; includeInIndex = 0; path = PeriodicTable.app; sourceTree = BUILT_PRODUCTS_DIR; };
		11701FE22124501400686AB8 /* AppDelegate.swift */ = {isa = PBXFileReference; lastKnownFileType = sourcecode.swift; path = AppDelegate.swift; sourceTree = "<group>"; };
		11701FE72124501400686AB8 /* Base */ = {isa = PBXFileReference; lastKnownFileType = file.storyboard; name = Base; path = Base.lproj/Main.storyboard; sourceTree = "<group>"; };
		11701FEA2124501400686AB8 /* PeriodicTable.xcdatamodel */ = {isa = PBXFileReference; lastKnownFileType = wrapper.xcdatamodel; path = PeriodicTable.xcdatamodel; sourceTree = "<group>"; };
		11701FEC2124502600686AB8 /* Assets.xcassets */ = {isa = PBXFileReference; lastKnownFileType = folder.assetcatalog; path = Assets.xcassets; sourceTree = "<group>"; };
		11701FEF2124502600686AB8 /* Base */ = {isa = PBXFileReference; lastKnownFileType = file.storyboard; name = Base; path = Base.lproj/LaunchScreen.storyboard; sourceTree = "<group>"; };
		11701FF12124502600686AB8 /* Info.plist */ = {isa = PBXFileReference; lastKnownFileType = text.plist.xml; path = Info.plist; sourceTree = "<group>"; };
		11701FF72124618200686AB8 /* Elemente_TableViewController.swift */ = {isa = PBXFileReference; lastKnownFileType = sourcecode.swift; path = Elemente_TableViewController.swift; sourceTree = "<group>"; };
		11701FF92124640E00686AB8 /* TableViewCell.swift */ = {isa = PBXFileReference; lastKnownFileType = sourcecode.swift; path = TableViewCell.swift; sourceTree = "<group>"; };
		1188ADB421F7905300F77230 /* Info_VC_Code.swift */ = {isa = PBXFileReference; lastKnownFileType = sourcecode.swift; path = Info_VC_Code.swift; sourceTree = "<group>"; };
		118E6DCF21298060005923E9 /* Element.swift */ = {isa = PBXFileReference; lastKnownFileType = sourcecode.swift; path = Element.swift; sourceTree = "<group>"; };
		118E6DD121299682005923E9 /* Element_Information_ViewController.swift */ = {isa = PBXFileReference; lastKnownFileType = sourcecode.swift; path = Element_Information_ViewController.swift; sourceTree = "<group>"; };
		1195BDB121E108080003E004 /* elements_add.swift */ = {isa = PBXFileReference; fileEncoding = 4; lastKnownFileType = sourcecode.swift; path = elements_add.swift; sourceTree = "<group>"; };
		1195BDB321E108C70003E004 /* InfoVC_Layout.swift */ = {isa = PBXFileReference; fileEncoding = 4; lastKnownFileType = sourcecode.swift; path = InfoVC_Layout.swift; sourceTree = "<group>"; };
		1195BDB521E109380003E004 /* Urheberrecht_ViewController.swift */ = {isa = PBXFileReference; fileEncoding = 4; lastKnownFileType = sourcecode.swift; path = Urheberrecht_ViewController.swift; sourceTree = "<group>"; };
		1195BDB721E109830003E004 /* Period_ViewController.swift */ = {isa = PBXFileReference; fileEncoding = 4; lastKnownFileType = sourcecode.swift; path = Period_ViewController.swift; sourceTree = "<group>"; };
		1195BDB921E109A30003E004 /* Period_Algo_VC.swift */ = {isa = PBXFileReference; fileEncoding = 4; lastKnownFileType = sourcecode.swift; path = Period_Algo_VC.swift; sourceTree = "<group>"; };
		1195BDBB21E109E30003E004 /* PeriodVC_Layout.swift */ = {isa = PBXFileReference; fileEncoding = 4; lastKnownFileType = sourcecode.swift; path = PeriodVC_Layout.swift; sourceTree = "<group>"; };
		1195BDBD21E10A170003E004 /* Sortet_Popup_ViewController.swift */ = {isa = PBXFileReference; fileEncoding = 4; lastKnownFileType = sourcecode.swift; path = Sortet_Popup_ViewController.swift; sourceTree = "<group>"; };
		1195BDBF21E10A470003E004 /* Text_Einstellungen_ViewController.swift */ = {isa = PBXFileReference; fileEncoding = 4; lastKnownFileType = sourcecode.swift; path = Text_Einstellungen_ViewController.swift; sourceTree = "<group>"; };
		11CC6FD921FA51CB0004829B /* TEST.swift */ = {isa = PBXFileReference; lastKnownFileType = sourcecode.swift; path = TEST.swift; sourceTree = "<group>"; };
/* End PBXFileReference section */

/* Begin PBXFrameworksBuildPhase section */
		11701FDC2124501300686AB8 /* Frameworks */ = {
			isa = PBXFrameworksBuildPhase;
			buildActionMask = 2147483647;
			files = (
			);
			runOnlyForDeploymentPostprocessing = 0;
		};
/* End PBXFrameworksBuildPhase section */

/* Begin PBXGroup section */
		11701FD62124501300686AB8 = {
			isa = PBXGroup;
			children = (
				11701FE12124501400686AB8 /* PeriodicTable */,
				11701FE02124501400686AB8 /* Products */,
			);
			sourceTree = "<group>";
		};
		11701FE02124501400686AB8 /* Products */ = {
			isa = PBXGroup;
			children = (
				11701FDF2124501400686AB8 /* PeriodicTable.app */,
			);
			name = Products;
			sourceTree = "<group>";
		};
		11701FE12124501400686AB8 /* PeriodicTable */ = {
			isa = PBXGroup;
			children = (
				11CC6FD921FA51CB0004829B /* TEST.swift */,
				11701FE22124501400686AB8 /* AppDelegate.swift */,
				11701FE62124501400686AB8 /* Main.storyboard */,
				118E6DD121299682005923E9 /* Element_Information_ViewController.swift */,
				1188ADB421F7905300F77230 /* Info_VC_Code.swift */,
				1195BDB321E108C70003E004 /* InfoVC_Layout.swift */,
				1195BDB521E109380003E004 /* Urheberrecht_ViewController.swift */,
				1195BDB721E109830003E004 /* Period_ViewController.swift */,
				1195BDB921E109A30003E004 /* Period_Algo_VC.swift */,
				1195BDBB21E109E30003E004 /* PeriodVC_Layout.swift */,
				1195BDBD21E10A170003E004 /* Sortet_Popup_ViewController.swift */,
				1195BDBF21E10A470003E004 /* Text_Einstellungen_ViewController.swift */,
				11701FF72124618200686AB8 /* Elemente_TableViewController.swift */,
				1195BDB121E108080003E004 /* elements_add.swift */,
				118E6DCF21298060005923E9 /* Element.swift */,
				11701FF92124640E00686AB8 /* TableViewCell.swift */,
				11701FEC2124502600686AB8 /* Assets.xcassets */,
				11701FEE2124502600686AB8 /* LaunchScreen.storyboard */,
				11701FF12124502600686AB8 /* Info.plist */,
				11701FE92124501400686AB8 /* PeriodicTable.xcdatamodeld */,
			);
			path = PeriodicTable;
			sourceTree = "<group>";
		};
/* End PBXGroup section */

/* Begin PBXNativeTarget section */
		11701FDE2124501300686AB8 /* PeriodicTable */ = {
			isa = PBXNativeTarget;
			buildConfigurationList = 11701FF42124502600686AB8 /* Build configuration list for PBXNativeTarget "PeriodicTable" */;
			buildPhases = (
				11701FDB2124501300686AB8 /* Sources */,
				11701FDC2124501300686AB8 /* Frameworks */,
				11701FDD2124501300686AB8 /* Resources */,
			);
			buildRules = (
			);
			dependencies = (
			);
			name = PeriodicTable;
			productName = PeriodicTable;
			productReference = 11701FDF2124501400686AB8 /* PeriodicTable.app */;
			productType = "com.apple.product-type.application";
		};
/* End PBXNativeTarget section */

/* Begin PBXProject section */
		11701FD72124501300686AB8 /* Project object */ = {
			isa = PBXProject;
			attributes = {
				LastSwiftUpdateCheck = 1000;
				LastUpgradeCheck = 1000;
				ORGANIZATIONNAME = "Alexander Meinecke";
				TargetAttributes = {
					11701FDE2124501300686AB8 = {
						CreatedOnToolsVersion = 10.0;
					};
				};
			};
			buildConfigurationList = 11701FDA2124501300686AB8 /* Build configuration list for PBXProject "PeriodicTable" */;
			compatibilityVersion = "Xcode 9.3";
			developmentRegion = en;
			hasScannedForEncodings = 0;
			knownRegions = (
				en,
				Base,
			);
			mainGroup = 11701FD62124501300686AB8;
			productRefGroup = 11701FE02124501400686AB8 /* Products */;
			projectDirPath = "";
			projectRoot = "";
			targets = (
				11701FDE2124501300686AB8 /* PeriodicTable */,
			);
		};
/* End PBXProject section */

/* Begin PBXResourcesBuildPhase section */
		11701FDD2124501300686AB8 /* Resources */ = {
			isa = PBXResourcesBuildPhase;
			buildActionMask = 2147483647;
			files = (
				11701FF02124502600686AB8 /* LaunchScreen.storyboard in Resources */,
				11701FED2124502600686AB8 /* Assets.xcassets in Resources */,
				11701FE82124501400686AB8 /* Main.storyboard in Resources */,
			);
			runOnlyForDeploymentPostprocessing = 0;
		};
/* End PBXResourcesBuildPhase section */

/* Begin PBXSourcesBuildPhase section */
		11701FDB2124501300686AB8 /* Sources */ = {
			isa = PBXSourcesBuildPhase;
			buildActionMask = 2147483647;
			files = (
				118E6DD221299682005923E9 /* Element_Information_ViewController.swift in Sources */,
				1195BDBC21E109E40003E004 /* PeriodVC_Layout.swift in Sources */,
				1195BDBE21E10A170003E004 /* Sortet_Popup_ViewController.swift in Sources */,
				11701FE32124501400686AB8 /* AppDelegate.swift in Sources */,
				1195BDC021E10A470003E004 /* Text_Einstellungen_ViewController.swift in Sources */,
				11CC6FDA21FA51CB0004829B /* TEST.swift in Sources */,
				1195BDB621E109380003E004 /* Urheberrecht_ViewController.swift in Sources */,
				11701FFA2124640E00686AB8 /* TableViewCell.swift in Sources */,
				11701FEB2124501400686AB8 /* PeriodicTable.xcdatamodeld in Sources */,
				11701FF82124618200686AB8 /* Elemente_TableViewController.swift in Sources */,
				1195BDBA21E109A30003E004 /* Period_Algo_VC.swift in Sources */,
				1195BDB821E109830003E004 /* Period_ViewController.swift in Sources */,
				1195BDB421E108C70003E004 /* InfoVC_Layout.swift in Sources */,
				1188ADB521F7905300F77230 /* Info_VC_Code.swift in Sources */,
				118E6DD021298060005923E9 /* Element.swift in Sources */,
				1195BDB221E108080003E004 /* elements_add.swift in Sources */,
			);
			runOnlyForDeploymentPostprocessing = 0;
		};
/* End PBXSourcesBuildPhase section */

/* Begin PBXVariantGroup section */
		11701FE62124501400686AB8 /* Main.storyboard */ = {
			isa = PBXVariantGroup;
			children = (
				11701FE72124501400686AB8 /* Base */,
			);
			name = Main.storyboard;
			sourceTree = "<group>";
		};
		11701FEE2124502600686AB8 /* LaunchScreen.storyboard */ = {
			isa = PBXVariantGroup;
			children = (
				11701FEF2124502600686AB8 /* Base */,
			);
			name = LaunchScreen.storyboard;
			sourceTree = "<group>";
		};
/* End PBXVariantGroup section */

/* Begin XCBuildConfiguration section */
		11701FF22124502600686AB8 /* Debug */ = {
			isa = XCBuildConfiguration;
			buildSettings = {
				ALWAYS_SEARCH_USER_PATHS = NO;
				CLANG_ANALYZER_NONNULL = YES;
				CLANG_ANALYZER_NUMBER_OBJECT_CONVERSION = YES_AGGRESSIVE;
				CLANG_CXX_LANGUAGE_STANDARD = "gnu++14";
				CLANG_CXX_LIBRARY = "libc++";
				CLANG_ENABLE_MODULES = YES;
				CLANG_ENABLE_OBJC_ARC = YES;
				CLANG_ENABLE_OBJC_WEAK = YES;
				CLANG_WARN_BLOCK_CAPTURE_AUTORELEASING = YES;
				CLANG_WARN_BOOL_CONVERSION = YES;
				CLANG_WARN_COMMA = YES;
				CLANG_WARN_CONSTANT_CONVERSION = YES;
				CLANG_WARN_DEPRECATED_OBJC_IMPLEMENTATIONS = YES;
				CLANG_WARN_DIRECT_OBJC_ISA_USAGE = YES_ERROR;
				CLANG_WARN_DOCUMENTATION_COMMENTS = YES;
				CLANG_WARN_EMPTY_BODY = YES;
				CLANG_WARN_ENUM_CONVERSION = YES;
				CLANG_WARN_INFINITE_RECURSION = YES;
				CLANG_WARN_INT_CONVERSION = YES;
				CLANG_WARN_NON_LITERAL_NULL_CONVERSION = YES;
				CLANG_WARN_OBJC_IMPLICIT_RETAIN_SELF = YES;
				CLANG_WARN_OBJC_LITERAL_CONVERSION = YES;
				CLANG_WARN_OBJC_ROOT_CLASS = YES_ERROR;
				CLANG_WARN_RANGE_LOOP_ANALYSIS = YES;
				CLANG_WARN_STRICT_PROTOTYPES = YES;
				CLANG_WARN_SUSPICIOUS_MOVE = YES;
				CLANG_WARN_UNGUARDED_AVAILABILITY = YES_AGGRESSIVE;
				CLANG_WARN_UNREACHABLE_CODE = YES;
				CLANG_WARN__DUPLICATE_METHOD_MATCH = YES;
				CODE_SIGN_IDENTITY = "iPhone Developer";
				COPY_PHASE_STRIP = NO;
				DEBUG_INFORMATION_FORMAT = dwarf;
				ENABLE_STRICT_OBJC_MSGSEND = YES;
				ENABLE_TESTABILITY = YES;
				GCC_C_LANGUAGE_STANDARD = gnu11;
				GCC_DYNAMIC_NO_PIC = NO;
				GCC_NO_COMMON_BLOCKS = YES;
				GCC_OPTIMIZATION_LEVEL = 0;
				GCC_PREPROCESSOR_DEFINITIONS = (
					"DEBUG=1",
					"$(inherited)",
				);
				GCC_WARN_64_TO_32_BIT_CONVERSION = YES;
				GCC_WARN_ABOUT_RETURN_TYPE = YES_ERROR;
				GCC_WARN_UNDECLARED_SELECTOR = YES;
				GCC_WARN_UNINITIALIZED_AUTOS = YES_AGGRESSIVE;
				GCC_WARN_UNUSED_FUNCTION = YES;
				GCC_WARN_UNUSED_VARIABLE = YES;
				IPHONEOS_DEPLOYMENT_TARGET = 12.0;
				MTL_ENABLE_DEBUG_INFO = INCLUDE_SOURCE;
				ONLY_ACTIVE_ARCH = YES;
				SDKROOT = iphoneos;
				SWIFT_ACTIVE_COMPILATION_CONDITIONS = DEBUG;
				SWIFT_OPTIMIZATION_LEVEL = "-Onone";
			};
			name = Debug;
		};
		11701FF32124502600686AB8 /* Release */ = {
			isa = XCBuildConfiguration;
			buildSettings = {
				ALWAYS_SEARCH_USER_PATHS = NO;
				CLANG_ANALYZER_NONNULL = YES;
				CLANG_ANALYZER_NUMBER_OBJECT_CONVERSION = YES_AGGRESSIVE;
				CLANG_CXX_LANGUAGE_STANDARD = "gnu++14";
				CLANG_CXX_LIBRARY = "libc++";
				CLANG_ENABLE_MODULES = YES;
				CLANG_ENABLE_OBJC_ARC = YES;
				CLANG_ENABLE_OBJC_WEAK = YES;
				CLANG_WARN_BLOCK_CAPTURE_AUTORELEASING = YES;
				CLANG_WARN_BOOL_CONVERSION = YES;
				CLANG_WARN_COMMA = YES;
				CLANG_WARN_CONSTANT_CONVERSION = YES;
				CLANG_WARN_DEPRECATED_OBJC_IMPLEMENTATIONS = YES;
				CLANG_WARN_DIRECT_OBJC_ISA_USAGE = YES_ERROR;
				CLANG_WARN_DOCUMENTATION_COMMENTS = YES;
				CLANG_WARN_EMPTY_BODY = YES;
				CLANG_WARN_ENUM_CONVERSION = YES;
				CLANG_WARN_INFINITE_RECURSION = YES;
				CLANG_WARN_INT_CONVERSION = YES;
				CLANG_WARN_NON_LITERAL_NULL_CONVERSION = YES;
				CLANG_WARN_OBJC_IMPLICIT_RETAIN_SELF = YES;
				CLANG_WARN_OBJC_LITERAL_CONVERSION = YES;
				CLANG_WARN_OBJC_ROOT_CLASS = YES_ERROR;
				CLANG_WARN_RANGE_LOOP_ANALYSIS = YES;
				CLANG_WARN_STRICT_PROTOTYPES = YES;
				CLANG_WARN_SUSPICIOUS_MOVE = YES;
				CLANG_WARN_UNGUARDED_AVAILABILITY = YES_AGGRESSIVE;
				CLANG_WARN_UNREACHABLE_CODE = YES;
				CLANG_WARN__DUPLICATE_METHOD_MATCH = YES;
				CODE_SIGN_IDENTITY = "iPhone Developer";
				COPY_PHASE_STRIP = NO;
				DEBUG_INFORMATION_FORMAT = "dwarf-with-dsym";
				ENABLE_NS_ASSERTIONS = NO;
				ENABLE_STRICT_OBJC_MSGSEND = YES;
				GCC_C_LANGUAGE_STANDARD = gnu11;
				GCC_NO_COMMON_BLOCKS = YES;
				GCC_WARN_64_TO_32_BIT_CONVERSION = YES;
				GCC_WARN_ABOUT_RETURN_TYPE = YES_ERROR;
				GCC_WARN_UNDECLARED_SELECTOR = YES;
				GCC_WARN_UNINITIALIZED_AUTOS = YES_AGGRESSIVE;
				GCC_WARN_UNUSED_FUNCTION = YES;
				GCC_WARN_UNUSED_VARIABLE = YES;
				IPHONEOS_DEPLOYMENT_TARGET = 12.0;
				MTL_ENABLE_DEBUG_INFO = NO;
				SDKROOT = iphoneos;
				SWIFT_COMPILATION_MODE = wholemodule;
				SWIFT_OPTIMIZATION_LEVEL = "-O";
				VALIDATE_PRODUCT = YES;
			};
			name = Release;
		};
		11701FF52124502600686AB8 /* Debug */ = {
			isa = XCBuildConfiguration;
			buildSettings = {
				ASSETCATALOG_COMPILER_APPICON_NAME = AppIcon;
				CODE_SIGN_IDENTITY = "iPhone Developer";
				CODE_SIGN_STYLE = Automatic;
				DEVELOPMENT_TEAM = GQQZS53FAJ;
				INFOPLIST_FILE = PeriodicTable/Info.plist;
				IPHONEOS_DEPLOYMENT_TARGET = 11.4;
				LD_RUNPATH_SEARCH_PATHS = (
					"$(inherited)",
					"@executable_path/Frameworks",
				);
				PRODUCT_BUNDLE_IDENTIFIER = myDevelopStudio.PeriodicTable;
				PRODUCT_NAME = "$(TARGET_NAME)";
				PROVISIONING_PROFILE_SPECIFIER = "";
				SWIFT_VERSION = 4.2;
				TARGETED_DEVICE_FAMILY = "1,2";
			};
			name = Debug;
		};
		11701FF62124502600686AB8 /* Release */ = {
			isa = XCBuildConfiguration;
			buildSettings = {
				ASSETCATALOG_COMPILER_APPICON_NAME = AppIcon;
				CODE_SIGN_IDENTITY = "iPhone Developer";
				CODE_SIGN_STYLE = Automatic;
				DEVELOPMENT_TEAM = GQQZS53FAJ;
				INFOPLIST_FILE = PeriodicTable/Info.plist;
				IPHONEOS_DEPLOYMENT_TARGET = 11.4;
				LD_RUNPATH_SEARCH_PATHS = (
					"$(inherited)",
					"@executable_path/Frameworks",
				);
				PRODUCT_BUNDLE_IDENTIFIER = myDevelopStudio.PeriodicTable;
				PRODUCT_NAME = "$(TARGET_NAME)";
				PROVISIONING_PROFILE_SPECIFIER = "";
				SWIFT_VERSION = 4.2;
				TARGETED_DEVICE_FAMILY = "1,2";
			};
			name = Release;
		};
/* End XCBuildConfiguration section */

/* Begin XCConfigurationList section */
		11701FDA2124501300686AB8 /* Build configuration list for PBXProject "PeriodicTable" */ = {
			isa = XCConfigurationList;
			buildConfigurations = (
				11701FF22124502600686AB8 /* Debug */,
				11701FF32124502600686AB8 /* Release */,
			);
			defaultConfigurationIsVisible = 0;
			defaultConfigurationName = Release;
		};
		11701FF42124502600686AB8 /* Build configuration list for PBXNativeTarget "PeriodicTable" */ = {
			isa = XCConfigurationList;
			buildConfigurations = (
				11701FF52124502600686AB8 /* Debug */,
				11701FF62124502600686AB8 /* Release */,
			);
			defaultConfigurationIsVisible = 0;
			defaultConfigurationName = Release;
		};
/* End XCConfigurationList section */

/* Begin XCVersionGroup section */
		11701FE92124501400686AB8 /* PeriodicTable.xcdatamodeld */ = {
			isa = XCVersionGroup;
			children = (
				11701FEA2124501400686AB8 /* PeriodicTable.xcdatamodel */,
			);
			currentVersion = 11701FEA2124501400686AB8 /* PeriodicTable.xcdatamodel */;
			path = PeriodicTable.xcdatamodeld;
			sourceTree = "<group>";
			versionGroupType = wrapper.xcdatamodel;
		};
/* End XCVersionGroup section */
	};
	rootObject = 11701FD72124501300686AB8 /* Project object */;
}
